
Microsoft Visual Studio Solution File, Format Version 12.00
# Visual Studio 15
Project("{FAE04EC0-301F-11D3-BF4B-00C04F79EFBC}") = "Assembly-CSharp", "Assembly-CSharp.csproj", "{DDA44D8A-D6FD-99DC-4134-53B65A924116}"
EndProject
Project("{FAE04EC0-301F-11D3-BF4B-00C04F79EFBC}") = "Unity.XR.Interaction.Toolkit.Samples.Hands", "Unity.XR.Interaction.Toolkit.Samples.Hands.csproj", "{5F071BC6-A827-85A2-C9C8-36C0760D6ABC}"
EndProject
Project("{FAE04EC0-301F-11D3-BF4B-00C04F79EFBC}") = "Unity.XR.Interaction.Toolkit.Samples.StarterAssets", "Unity.XR.Interaction.Toolkit.Samples.StarterAssets.csproj", "{F1A8FEB2-22C3-0751-9786-D70E5AE95F57}"
EndProject
Project("{FAE04EC0-301F-11D3-BF4B-00C04F79EFBC}") = "Unity.XR.Hands.Samples.VisualizerSample", "Unity.XR.Hands.Samples.VisualizerSample.csproj", "{237E322B-90CC-7BA9-0FA3-251CA9E8911D}"
EndProject
Project("{FAE04EC0-301F-11D3-BF4B-00C04F79EFBC}") = "Unity.XR.Interaction.Toolkit.Samples.StarterAssets.Editor", "Unity.XR.Interaction.Toolkit.Samples.StarterAssets.Editor.csproj", "{A7A4610C-6560-F44C-64FA-25F0356483F6}"
EndProject
Project("{FAE04EC0-301F-11D3-BF4B-00C04F79EFBC}") = "Unity.XR.Interaction.Toolkit.Samples.Hands.Editor", "Unity.XR.Interaction.Toolkit.Samples.Hands.Editor.csproj", "{FA2C5980-46E1-721C-3876-1CFD51D0B716}"
EndProject
Global
	GlobalSection(SolutionConfigurationPlatforms) = preSolution
		Debug|Any CPU = Debug|Any CPU
		Release|Any CPU = Release|Any CPU
	EndGlobalSection
	GlobalSection(ProjectConfigurationPlatforms) = postSolution
		{DDA44D8A-D6FD-99DC-4134-53B65A924116}.Debug|Any CPU.ActiveCfg = Debug|Any CPU
		{DDA44D8A-D6FD-99DC-4134-53B65A924116}.Debug|Any CPU.Build.0 = Debug|Any CPU
		{DDA44D8A-D6FD-99DC-4134-53B65A924116}.Release|Any CPU.ActiveCfg = Release|Any CPU
		{DDA44D8A-D6FD-99DC-4134-53B65A924116}.Release|Any CPU.Build.0 = Release|Any CPU
		{5F071BC6-A827-85A2-C9C8-36C0760D6ABC}.Debug|Any CPU.ActiveCfg = Debug|Any CPU
		{5F071BC6-A827-85A2-C9C8-36C0760D6ABC}.Debug|Any CPU.Build.0 = Debug|Any CPU
		{5F071BC6-A827-85A2-C9C8-36C0760D6ABC}.Release|Any CPU.ActiveCfg = Release|Any CPU
		{5F071BC6-A827-85A2-C9C8-36C0760D6ABC}.Release|Any CPU.Build.0 = Release|Any CPU
		{F1A8FEB2-22C3-0751-9786-D70E5AE95F57}.Debug|Any CPU.ActiveCfg = Debug|Any CPU
		{F1A8FEB2-22C3-0751-9786-D70E5AE95F57}.Debug|Any CPU.Build.0 = Debug|Any CPU
		{F1A8FEB2-22C3-0751-9786-D70E5AE95F57}.Release|Any CPU.ActiveCfg = Release|Any CPU
		{F1A8FEB2-22C3-0751-9786-D70E5AE95F57}.Release|Any CPU.Build.0 = Release|Any CPU
		{237E322B-90CC-7BA9-0FA3-251CA9E8911D}.Debug|Any CPU.ActiveCfg = Debug|Any CPU
		{237E322B-90CC-7BA9-0FA3-251CA9E8911D}.Debug|Any CPU.Build.0 = Debug|Any CPU
		{237E322B-90CC-7BA9-0FA3-251CA9E8911D}.Release|Any CPU.ActiveCfg = Release|Any CPU
		{237E322B-90CC-7BA9-0FA3-251CA9E8911D}.Release|Any CPU.Build.0 = Release|Any CPU
		{A7A4610C-6560-F44C-64FA-25F0356483F6}.Debug|Any CPU.ActiveCfg = Debug|Any CPU
		{A7A4610C-6560-F44C-64FA-25F0356483F6}.Debug|Any CPU.Build.0 = Debug|Any CPU
		{A7A4610C-6560-F44C-64FA-25F0356483F6}.Release|Any CPU.ActiveCfg = Release|Any CPU
		{A7A4610C-6560-F44C-64FA-25F0356483F6}.Release|Any CPU.Build.0 = Release|Any CPU
		{FA2C5980-46E1-721C-3876-1CFD51D0B716}.Debug|Any CPU.ActiveCfg = Debug|Any CPU
		{FA2C5980-46E1-721C-3876-1CFD51D0B716}.Debug|Any CPU.Build.0 = Debug|Any CPU
		{FA2C5980-46E1-721C-3876-1CFD51D0B716}.Release|Any CPU.ActiveCfg = Release|Any CPU
		{FA2C5980-46E1-721C-3876-1CFD51D0B716}.Release|Any CPU.Build.0 = Release|Any CPU
	EndGlobalSection
	GlobalSection(SolutionProperties) = preSolution
		HideSolutionNode = FALSE
	EndGlobalSection
EndGlobal
